<Solution>
  <Folder Name="/src/">
    <Project Path="src/Iyu.Report/Iyu.Report.csproj" />
  </Folder>
  <Project Path="src/Iyu.Core/Iyu.Core.csproj" />
  <Project Path="src/Iyu.Data/Iyu.Data.csproj" />
  <Project Path="src/Iyu.Server.OData/Iyu.Server.OData.csproj" />
  <Project Path="src/Iyu.Server.GraphQL/Iyu.Server.GraphQL.csproj" />
  <Project Path="src/Iyu.MainServer/Iyu.MainServer.csproj" />
  <Project Path="src/Iyu.Server.Chat/Iyu.Server.Chat.csproj" />
  <Project Path="src/Iyu.VaultAi/Iyu.VaultAi.csproj" />
  <Project Path="src/Iyu.FileServer/Iyu.FileServer.csproj" />
  <Project Path="src/Iyu.Tests/Iyu.Tests.csproj" />
</Solution>
