<Solution>
  <Project Path="src/Iyu.Core/Iyu.Core.csproj" />
  <Project Path="src/Iyu.Data/Iyu.Data.csproj" />
  <Project Path="src/Iyu.Server.OData/Iyu.Server.OData.csproj" />
  <Project Path="src/Iyu.Server.GraphQL/Iyu.Server.GraphQL.csproj" />
  <Project Path="src/Iyu.MainServer/Iyu.MainServer.csproj" />
  <Project Path="src/Iyu.Tests/Iyu.Tests.csproj" />
</Solution>
